
Microsoft Visual Studio Solution File, Format Version 12.00
# Visual Studio Version 17
VisualStudioVersion = 17.0.32014.148
MinimumVisualStudioVersion = 10.0.40219.1
Project("{9A19103F-16F7-4668-BE54-9A1E7A4F7556}") = "UserSampleApplication", "UserSampleApplication\UserSampleApplication.csproj", "{CEAE20EA-7B94-47F3-BF68-DAA228C96F5F}"
EndProject
Project("{9A19103F-16F7-4668-BE54-9A1E7A4F7556}") = "UserSample.Domain.Service", "UserSample.Domain.Service\UserSample.Domain.Service.csproj", "{AE988D09-1CE6-4365-BC63-1F095A019F12}"
EndProject
Project("{9A19103F-16F7-4668-BE54-9A1E7A4F7556}") = "UserSample.Integration.Service", "UserSample.Integration.Service\UserSample.Integration.Service.csproj", "{97C469C8-928F-495F-8C4F-D24DBE5CBCD7}"
EndProject
Project("{9A19103F-16F7-4668-BE54-9A1E7A4F7556}") = "UserSample.Business.Service", "UserSample.Business.Service\UserSample.Business.Service.csproj", "{F1A72069-8B4D-4907-AE1B-014030996BD1}"
EndProject
Global
	GlobalSection(SolutionConfigurationPlatforms) = preSolution
		Debug|Any CPU = Debug|Any CPU
		Release|Any CPU = Release|Any CPU
	EndGlobalSection
	GlobalSection(ProjectConfigurationPlatforms) = postSolution
		{CEAE20EA-7B94-47F3-BF68-DAA228C96F5F}.Debug|Any CPU.ActiveCfg = Debug|Any CPU
		{CEAE20EA-7B94-47F3-BF68-DAA228C96F5F}.Debug|Any CPU.Build.0 = Debug|Any CPU
		{CEAE20EA-7B94-47F3-BF68-DAA228C96F5F}.Release|Any CPU.ActiveCfg = Release|Any CPU
		{CEAE20EA-7B94-47F3-BF68-DAA228C96F5F}.Release|Any CPU.Build.0 = Release|Any CPU
		{AE988D09-1CE6-4365-BC63-1F095A019F12}.Debug|Any CPU.ActiveCfg = Debug|Any CPU
		{AE988D09-1CE6-4365-BC63-1F095A019F12}.Debug|Any CPU.Build.0 = Debug|Any CPU
		{AE988D09-1CE6-4365-BC63-1F095A019F12}.Release|Any CPU.ActiveCfg = Release|Any CPU
		{AE988D09-1CE6-4365-BC63-1F095A019F12}.Release|Any CPU.Build.0 = Release|Any CPU
		{97C469C8-928F-495F-8C4F-D24DBE5CBCD7}.Debug|Any CPU.ActiveCfg = Debug|Any CPU
		{97C469C8-928F-495F-8C4F-D24DBE5CBCD7}.Debug|Any CPU.Build.0 = Debug|Any CPU
		{97C469C8-928F-495F-8C4F-D24DBE5CBCD7}.Release|Any CPU.ActiveCfg = Release|Any CPU
		{97C469C8-928F-495F-8C4F-D24DBE5CBCD7}.Release|Any CPU.Build.0 = Release|Any CPU
		{F1A72069-8B4D-4907-AE1B-014030996BD1}.Debug|Any CPU.ActiveCfg = Debug|Any CPU
		{F1A72069-8B4D-4907-AE1B-014030996BD1}.Debug|Any CPU.Build.0 = Debug|Any CPU
		{F1A72069-8B4D-4907-AE1B-014030996BD1}.Release|Any CPU.ActiveCfg = Release|Any CPU
		{F1A72069-8B4D-4907-AE1B-014030996BD1}.Release|Any CPU.Build.0 = Release|Any CPU
	EndGlobalSection
	GlobalSection(SolutionProperties) = preSolution
		HideSolutionNode = FALSE
	EndGlobalSection
	GlobalSection(ExtensibilityGlobals) = postSolution
		SolutionGuid = {5BF53144-6A46-419C-9643-3806C1282408}
	EndGlobalSection
EndGlobal
